
Microsoft Visual Studio Solution File, Format Version 12.00
# Visual Studio Version 17
VisualStudioVersion = 17.6.33723.286
MinimumVisualStudioVersion = 10.0.40219.1
Project("{8BC9CEB8-8B4A-11D0-8D11-00A0C91BC942}") = "5819616_MinaeKim", "5819616_MinaeKim.vcxproj", "{728986C8-CBE3-49E0-944B-BF97FCA1DB00}"
EndProject
Project("{8BC9CEB8-8B4A-11D0-8D11-00A0C91BC942}") = "ItrTreeTraversal", "..\ItrTreeTraversal\ItrTreeTraversal.vcxproj", "{4037E40C-3076-4983-9D20-F7D2EE7CC1E7}"
EndProject
Project("{8BC9CEB8-8B4A-11D0-8D11-00A0C91BC942}") = "QTree", "..\QTree\QTree.vcxproj", "{7B899AA0-A478-4604-8708-C584FB7CA8BC}"
EndProject
Project("{8BC9CEB8-8B4A-11D0-8D11-00A0C91BC942}") = "LevelTraversal", "..\LevelTraversal\LevelTraversal.vcxproj", "{AE8DAA92-4476-4926-8F10-969A05C37B74}"
EndProject
Global
	GlobalSection(SolutionConfigurationPlatforms) = preSolution
		Debug|x64 = Debug|x64
		Debug|x86 = Debug|x86
		Release|x64 = Release|x64
		Release|x86 = Release|x86
	EndGlobalSection
	GlobalSection(ProjectConfigurationPlatforms) = postSolution
		{728986C8-CBE3-49E0-944B-BF97FCA1DB00}.Debug|x64.ActiveCfg = Debug|x64
		{728986C8-CBE3-49E0-944B-BF97FCA1DB00}.Debug|x64.Build.0 = Debug|x64
		{728986C8-CBE3-49E0-944B-BF97FCA1DB00}.Debug|x86.ActiveCfg = Debug|Win32
		{728986C8-CBE3-49E0-944B-BF97FCA1DB00}.Debug|x86.Build.0 = Debug|Win32
		{728986C8-CBE3-49E0-944B-BF97FCA1DB00}.Release|x64.ActiveCfg = Release|x64
		{728986C8-CBE3-49E0-944B-BF97FCA1DB00}.Release|x64.Build.0 = Release|x64
		{728986C8-CBE3-49E0-944B-BF97FCA1DB00}.Release|x86.ActiveCfg = Release|Win32
		{728986C8-CBE3-49E0-944B-BF97FCA1DB00}.Release|x86.Build.0 = Release|Win32
		{4037E40C-3076-4983-9D20-F7D2EE7CC1E7}.Debug|x64.ActiveCfg = Debug|x64
		{4037E40C-3076-4983-9D20-F7D2EE7CC1E7}.Debug|x64.Build.0 = Debug|x64
		{4037E40C-3076-4983-9D20-F7D2EE7CC1E7}.Debug|x86.ActiveCfg = Debug|Win32
		{4037E40C-3076-4983-9D20-F7D2EE7CC1E7}.Debug|x86.Build.0 = Debug|Win32
		{4037E40C-3076-4983-9D20-F7D2EE7CC1E7}.Release|x64.ActiveCfg = Release|x64
		{4037E40C-3076-4983-9D20-F7D2EE7CC1E7}.Release|x64.Build.0 = Release|x64
		{4037E40C-3076-4983-9D20-F7D2EE7CC1E7}.Release|x86.ActiveCfg = Release|Win32
		{4037E40C-3076-4983-9D20-F7D2EE7CC1E7}.Release|x86.Build.0 = Release|Win32
		{7B899AA0-A478-4604-8708-C584FB7CA8BC}.Debug|x64.ActiveCfg = Debug|x64
		{7B899AA0-A478-4604-8708-C584FB7CA8BC}.Debug|x64.Build.0 = Debug|x64
		{7B899AA0-A478-4604-8708-C584FB7CA8BC}.Debug|x86.ActiveCfg = Debug|Win32
		{7B899AA0-A478-4604-8708-C584FB7CA8BC}.Debug|x86.Build.0 = Debug|Win32
		{7B899AA0-A478-4604-8708-C584FB7CA8BC}.Release|x64.ActiveCfg = Release|x64
		{7B899AA0-A478-4604-8708-C584FB7CA8BC}.Release|x64.Build.0 = Release|x64
		{7B899AA0-A478-4604-8708-C584FB7CA8BC}.Release|x86.ActiveCfg = Release|Win32
		{7B899AA0-A478-4604-8708-C584FB7CA8BC}.Release|x86.Build.0 = Release|Win32
		{AE8DAA92-4476-4926-8F10-969A05C37B74}.Debug|x64.ActiveCfg = Debug|x64
		{AE8DAA92-4476-4926-8F10-969A05C37B74}.Debug|x64.Build.0 = Debug|x64
		{AE8DAA92-4476-4926-8F10-969A05C37B74}.Debug|x86.ActiveCfg = Debug|Win32
		{AE8DAA92-4476-4926-8F10-969A05C37B74}.Debug|x86.Build.0 = Debug|Win32
		{AE8DAA92-4476-4926-8F10-969A05C37B74}.Release|x64.ActiveCfg = Release|x64
		{AE8DAA92-4476-4926-8F10-969A05C37B74}.Release|x64.Build.0 = Release|x64
		{AE8DAA92-4476-4926-8F10-969A05C37B74}.Release|x86.ActiveCfg = Release|Win32
		{AE8DAA92-4476-4926-8F10-969A05C37B74}.Release|x86.Build.0 = Release|Win32
	EndGlobalSection
	GlobalSection(SolutionProperties) = preSolution
		HideSolutionNode = FALSE
	EndGlobalSection
	GlobalSection(ExtensibilityGlobals) = postSolution
		SolutionGuid = {A3DD6731-888F-4C3B-9338-49C79B474411}
	EndGlobalSection
EndGlobal
